
Microsoft Visual Studio Solution File, Format Version 12.00
# Visual Studio Version 17
VisualStudioVersion = 17.14.36121.58
MinimumVisualStudioVersion = 10.0.40219.1
Project("{FAE04EC0-301F-11D3-BF4B-00C04F79EFBC}") = "MagicVilla_VillaAPI", "MagicVilla_VillaAPI\MagicVilla_VillaAPI.csproj", "{C037A554-90C5-44FC-BC69-DC795BCE4E4E}"
EndProject
Project("{E53339B2-1760-4266-BCC7-CA923CBCF16C}") = "docker-compose", "docker-compose.dcproj", "{81DDED9D-158B-E303-5F62-77A2896D2A5A}"
EndProject
Project("{FAE04EC0-301F-11D3-BF4B-00C04F79EFBC}") = "MagicVilla_Web", "MagicVilla_Web\MagicVilla_Web.csproj", "{2E4CD57C-062F-4A92-B0A6-215F4DDDA8F8}"
EndProject
Project("{FAE04EC0-301F-11D3-BF4B-00C04F79EFBC}") = "MagicVilla_Utility", "MagicVilla_Utility\MagicVilla_Utility.csproj", "{5C20C79F-B3C4-4062-B227-4B85B91A13D5}"
EndProject
Global
	GlobalSection(SolutionConfigurationPlatforms) = preSolution
		Debug|Any CPU = Debug|Any CPU
		Release|Any CPU = Release|Any CPU
	EndGlobalSection
	GlobalSection(ProjectConfigurationPlatforms) = postSolution
		{C037A554-90C5-44FC-BC69-DC795BCE4E4E}.Debug|Any CPU.ActiveCfg = Debug|Any CPU
		{C037A554-90C5-44FC-BC69-DC795BCE4E4E}.Debug|Any CPU.Build.0 = Debug|Any CPU
		{C037A554-90C5-44FC-BC69-DC795BCE4E4E}.Release|Any CPU.ActiveCfg = Release|Any CPU
		{C037A554-90C5-44FC-BC69-DC795BCE4E4E}.Release|Any CPU.Build.0 = Release|Any CPU
		{81DDED9D-158B-E303-5F62-77A2896D2A5A}.Debug|Any CPU.ActiveCfg = Debug|Any CPU
		{81DDED9D-158B-E303-5F62-77A2896D2A5A}.Debug|Any CPU.Build.0 = Debug|Any CPU
		{81DDED9D-158B-E303-5F62-77A2896D2A5A}.Release|Any CPU.ActiveCfg = Release|Any CPU
		{81DDED9D-158B-E303-5F62-77A2896D2A5A}.Release|Any CPU.Build.0 = Release|Any CPU
		{2E4CD57C-062F-4A92-B0A6-215F4DDDA8F8}.Debug|Any CPU.ActiveCfg = Debug|Any CPU
		{2E4CD57C-062F-4A92-B0A6-215F4DDDA8F8}.Debug|Any CPU.Build.0 = Debug|Any CPU
		{2E4CD57C-062F-4A92-B0A6-215F4DDDA8F8}.Release|Any CPU.ActiveCfg = Release|Any CPU
		{2E4CD57C-062F-4A92-B0A6-215F4DDDA8F8}.Release|Any CPU.Build.0 = Release|Any CPU
		{5C20C79F-B3C4-4062-B227-4B85B91A13D5}.Debug|Any CPU.ActiveCfg = Debug|Any CPU
		{5C20C79F-B3C4-4062-B227-4B85B91A13D5}.Debug|Any CPU.Build.0 = Debug|Any CPU
		{5C20C79F-B3C4-4062-B227-4B85B91A13D5}.Release|Any CPU.ActiveCfg = Release|Any CPU
		{5C20C79F-B3C4-4062-B227-4B85B91A13D5}.Release|Any CPU.Build.0 = Release|Any CPU
	EndGlobalSection
	GlobalSection(SolutionProperties) = preSolution
		HideSolutionNode = FALSE
	EndGlobalSection
	GlobalSection(ExtensibilityGlobals) = postSolution
		SolutionGuid = {F1230CEC-970F-475C-944A-F8A67C5C643F}
	EndGlobalSection
EndGlobal
